
Microsoft Visual Studio Solution File, Format Version 12.00
# Visual Studio Version 16
VisualStudioVersion = 16.0.30114.105
MinimumVisualStudioVersion = 15.0.26124.0
Project("{9A19103F-16F7-4668-BE54-9A1E7A4F7556}") = "Api", "Api\Api.csproj", "{41317196-7998-4098-9AAE-2B8811A86771}"
EndProject
Project("{9A19103F-16F7-4668-BE54-9A1E7A4F7556}") = "Core", "Core\Core.csproj", "{D66BD5BB-360E-40C5-BB81-84BBFC71115A}"
EndProject
Project("{9A19103F-16F7-4668-BE54-9A1E7A4F7556}") = "Infrastructure", "Infrastructure\Infrastructure.csproj", "{7C942AE1-8A2B-4073-ACBE-2DEBF79B00F9}"
EndProject
Project("{FAE04EC0-301F-11D3-BF4B-00C04F79EFBC}") = "Tests", "Tests\Tests.csproj", "{5E57AB17-80A1-4CE8-B894-35D303AE3EBF}"
EndProject
Global
	GlobalSection(SolutionConfigurationPlatforms) = preSolution
		Debug|Any CPU = Debug|Any CPU
		Debug|x64 = Debug|x64
		Debug|x86 = Debug|x86
		Release|Any CPU = Release|Any CPU
		Release|x64 = Release|x64
		Release|x86 = Release|x86
	EndGlobalSection
	GlobalSection(ProjectConfigurationPlatforms) = postSolution
		{41317196-7998-4098-9AAE-2B8811A86771}.Debug|Any CPU.ActiveCfg = Debug|Any CPU
		{41317196-7998-4098-9AAE-2B8811A86771}.Debug|Any CPU.Build.0 = Debug|Any CPU
		{41317196-7998-4098-9AAE-2B8811A86771}.Debug|x64.ActiveCfg = Debug|Any CPU
		{41317196-7998-4098-9AAE-2B8811A86771}.Debug|x64.Build.0 = Debug|Any CPU
		{41317196-7998-4098-9AAE-2B8811A86771}.Debug|x86.ActiveCfg = Debug|Any CPU
		{41317196-7998-4098-9AAE-2B8811A86771}.Debug|x86.Build.0 = Debug|Any CPU
		{41317196-7998-4098-9AAE-2B8811A86771}.Release|Any CPU.ActiveCfg = Release|Any CPU
		{41317196-7998-4098-9AAE-2B8811A86771}.Release|Any CPU.Build.0 = Release|Any CPU
		{41317196-7998-4098-9AAE-2B8811A86771}.Release|x64.ActiveCfg = Release|Any CPU
		{41317196-7998-4098-9AAE-2B8811A86771}.Release|x64.Build.0 = Release|Any CPU
		{41317196-7998-4098-9AAE-2B8811A86771}.Release|x86.ActiveCfg = Release|Any CPU
		{41317196-7998-4098-9AAE-2B8811A86771}.Release|x86.Build.0 = Release|Any CPU
		{D66BD5BB-360E-40C5-BB81-84BBFC71115A}.Debug|Any CPU.ActiveCfg = Debug|Any CPU
		{D66BD5BB-360E-40C5-BB81-84BBFC71115A}.Debug|Any CPU.Build.0 = Debug|Any CPU
		{D66BD5BB-360E-40C5-BB81-84BBFC71115A}.Debug|x64.ActiveCfg = Debug|Any CPU
		{D66BD5BB-360E-40C5-BB81-84BBFC71115A}.Debug|x64.Build.0 = Debug|Any CPU
		{D66BD5BB-360E-40C5-BB81-84BBFC71115A}.Debug|x86.ActiveCfg = Debug|Any CPU
		{D66BD5BB-360E-40C5-BB81-84BBFC71115A}.Debug|x86.Build.0 = Debug|Any CPU
		{D66BD5BB-360E-40C5-BB81-84BBFC71115A}.Release|Any CPU.ActiveCfg = Release|Any CPU
		{D66BD5BB-360E-40C5-BB81-84BBFC71115A}.Release|Any CPU.Build.0 = Release|Any CPU
		{D66BD5BB-360E-40C5-BB81-84BBFC71115A}.Release|x64.ActiveCfg = Release|Any CPU
		{D66BD5BB-360E-40C5-BB81-84BBFC71115A}.Release|x64.Build.0 = Release|Any CPU
		{D66BD5BB-360E-40C5-BB81-84BBFC71115A}.Release|x86.ActiveCfg = Release|Any CPU
		{D66BD5BB-360E-40C5-BB81-84BBFC71115A}.Release|x86.Build.0 = Release|Any CPU
		{7C942AE1-8A2B-4073-ACBE-2DEBF79B00F9}.Debug|Any CPU.ActiveCfg = Debug|Any CPU
		{7C942AE1-8A2B-4073-ACBE-2DEBF79B00F9}.Debug|Any CPU.Build.0 = Debug|Any CPU
		{7C942AE1-8A2B-4073-ACBE-2DEBF79B00F9}.Debug|x64.ActiveCfg = Debug|Any CPU
		{7C942AE1-8A2B-4073-ACBE-2DEBF79B00F9}.Debug|x64.Build.0 = Debug|Any CPU
		{7C942AE1-8A2B-4073-ACBE-2DEBF79B00F9}.Debug|x86.ActiveCfg = Debug|Any CPU
		{7C942AE1-8A2B-4073-ACBE-2DEBF79B00F9}.Debug|x86.Build.0 = Debug|Any CPU
		{7C942AE1-8A2B-4073-ACBE-2DEBF79B00F9}.Release|Any CPU.ActiveCfg = Release|Any CPU
		{7C942AE1-8A2B-4073-ACBE-2DEBF79B00F9}.Release|Any CPU.Build.0 = Release|Any CPU
		{7C942AE1-8A2B-4073-ACBE-2DEBF79B00F9}.Release|x64.ActiveCfg = Release|Any CPU
		{7C942AE1-8A2B-4073-ACBE-2DEBF79B00F9}.Release|x64.Build.0 = Release|Any CPU
		{7C942AE1-8A2B-4073-ACBE-2DEBF79B00F9}.Release|x86.ActiveCfg = Release|Any CPU
		{7C942AE1-8A2B-4073-ACBE-2DEBF79B00F9}.Release|x86.Build.0 = Release|Any CPU
		{5E57AB17-80A1-4CE8-B894-35D303AE3EBF}.Debug|Any CPU.ActiveCfg = Debug|Any CPU
		{5E57AB17-80A1-4CE8-B894-35D303AE3EBF}.Debug|Any CPU.Build.0 = Debug|Any CPU
		{5E57AB17-80A1-4CE8-B894-35D303AE3EBF}.Debug|x64.ActiveCfg = Debug|Any CPU
		{5E57AB17-80A1-4CE8-B894-35D303AE3EBF}.Debug|x64.Build.0 = Debug|Any CPU
		{5E57AB17-80A1-4CE8-B894-35D303AE3EBF}.Debug|x86.ActiveCfg = Debug|Any CPU
		{5E57AB17-80A1-4CE8-B894-35D303AE3EBF}.Debug|x86.Build.0 = Debug|Any CPU
		{5E57AB17-80A1-4CE8-B894-35D303AE3EBF}.Release|Any CPU.ActiveCfg = Release|Any CPU
		{5E57AB17-80A1-4CE8-B894-35D303AE3EBF}.Release|Any CPU.Build.0 = Release|Any CPU
		{5E57AB17-80A1-4CE8-B894-35D303AE3EBF}.Release|x64.ActiveCfg = Release|Any CPU
		{5E57AB17-80A1-4CE8-B894-35D303AE3EBF}.Release|x64.Build.0 = Release|Any CPU
		{5E57AB17-80A1-4CE8-B894-35D303AE3EBF}.Release|x86.ActiveCfg = Release|Any CPU
		{5E57AB17-80A1-4CE8-B894-35D303AE3EBF}.Release|x86.Build.0 = Release|Any CPU
	EndGlobalSection
	GlobalSection(SolutionProperties) = preSolution
		HideSolutionNode = FALSE
	EndGlobalSection
	GlobalSection(ExtensibilityGlobals) = postSolution
		SolutionGuid = {78B7A781-3FFE-4801-9863-878979600E33}
	EndGlobalSection
EndGlobal
